
Microsoft Visual Studio Solution File, Format Version 12.00
# Visual Studio Version 16
VisualStudioVersion = 16.0.29519.87
MinimumVisualStudioVersion = 10.0.40219.1
Project("{FAE04EC0-301F-11D3-BF4B-00C04F79EFBC}") = "SimpleAssemblyLoadTestCase", "SimpleAssemblyLoadTestCase\SimpleAssemblyLoadTestCase.csproj", "{AD450F99-B8F8-403F-A95B-7A6098D2A05F}"
EndProject
Project("{FAE04EC0-301F-11D3-BF4B-00C04F79EFBC}") = "ExamplePlugin", "ExamplePlugin\ExamplePlugin.csproj", "{927F808B-3A78-44E8-8EA6-52F4FD3710D0}"
EndProject
Project("{FAE04EC0-301F-11D3-BF4B-00C04F79EFBC}") = "Interfaces", "Interfaces\Interfaces.csproj", "{DFBD954E-955A-462A-9029-7AE6EC60CC3B}"
EndProject
Global
	GlobalSection(SolutionConfigurationPlatforms) = preSolution
		Debug|Any CPU = Debug|Any CPU
		Release|Any CPU = Release|Any CPU
	EndGlobalSection
	GlobalSection(ProjectConfigurationPlatforms) = postSolution
		{AD450F99-B8F8-403F-A95B-7A6098D2A05F}.Debug|Any CPU.ActiveCfg = Debug|Any CPU
		{AD450F99-B8F8-403F-A95B-7A6098D2A05F}.Debug|Any CPU.Build.0 = Debug|Any CPU
		{AD450F99-B8F8-403F-A95B-7A6098D2A05F}.Release|Any CPU.ActiveCfg = Release|Any CPU
		{AD450F99-B8F8-403F-A95B-7A6098D2A05F}.Release|Any CPU.Build.0 = Release|Any CPU
		{927F808B-3A78-44E8-8EA6-52F4FD3710D0}.Debug|Any CPU.ActiveCfg = Debug|Any CPU
		{927F808B-3A78-44E8-8EA6-52F4FD3710D0}.Debug|Any CPU.Build.0 = Debug|Any CPU
		{927F808B-3A78-44E8-8EA6-52F4FD3710D0}.Release|Any CPU.ActiveCfg = Release|Any CPU
		{927F808B-3A78-44E8-8EA6-52F4FD3710D0}.Release|Any CPU.Build.0 = Release|Any CPU
		{DFBD954E-955A-462A-9029-7AE6EC60CC3B}.Debug|Any CPU.ActiveCfg = Debug|Any CPU
		{DFBD954E-955A-462A-9029-7AE6EC60CC3B}.Debug|Any CPU.Build.0 = Debug|Any CPU
		{DFBD954E-955A-462A-9029-7AE6EC60CC3B}.Release|Any CPU.ActiveCfg = Release|Any CPU
		{DFBD954E-955A-462A-9029-7AE6EC60CC3B}.Release|Any CPU.Build.0 = Release|Any CPU
	EndGlobalSection
	GlobalSection(SolutionProperties) = preSolution
		HideSolutionNode = FALSE
	EndGlobalSection
	GlobalSection(ExtensibilityGlobals) = postSolution
		SolutionGuid = {F8431E93-F875-4357-A90D-8B559A13B198}
	EndGlobalSection
EndGlobal
